
Microsoft Visual Studio Solution File, Format Version 12.00
# Visual Studio 15
VisualStudioVersion = 15.0.26730.12
MinimumVisualStudioVersion = 10.0.40219.1
Project("{FAE04EC0-301F-11D3-BF4B-00C04F79EFBC}") = "ExpenseTrackerApi", "ExpenseTrackerApi\ExpenseTrackerApi.csproj", "{104D1F6C-12C9-4A9D-BE4A-42F031B6A970}"
EndProject
Project("{FAE04EC0-301F-11D3-BF4B-00C04F79EFBC}") = "ExpenseTrackerMvp", "ExpenseTrackerMvp\ExpenseTrackerMvp\ExpenseTrackerMvp.csproj", "{71BC5909-8811-4260-8EAA-7A98D5BAF245}"
EndProject
Project("{FAE04EC0-301F-11D3-BF4B-00C04F79EFBC}") = "ExpenseTrackerMvp.Droid", "ExpenseTrackerMvp\ExpenseTrackerMvp.Droid\ExpenseTrackerMvp.Droid.csproj", "{9BD62DDE-0990-4312-8191-3B919EE2DEDC}"
EndProject
Project("{FAE04EC0-301F-11D3-BF4B-00C04F79EFBC}") = "ExpenseTrackerWeb", "ExpenseTrackerWeb\ExpenseTrackerWeb.csproj", "{BD6ADC76-FEDE-4E75-94B3-3514923D1C5D}"
EndProject
Global
	GlobalSection(SolutionConfigurationPlatforms) = preSolution
		Debug|Any CPU = Debug|Any CPU
		Release|Any CPU = Release|Any CPU
	EndGlobalSection
	GlobalSection(ProjectConfigurationPlatforms) = postSolution
		{104D1F6C-12C9-4A9D-BE4A-42F031B6A970}.Debug|Any CPU.ActiveCfg = Debug|Any CPU
		{104D1F6C-12C9-4A9D-BE4A-42F031B6A970}.Debug|Any CPU.Build.0 = Debug|Any CPU
		{104D1F6C-12C9-4A9D-BE4A-42F031B6A970}.Release|Any CPU.ActiveCfg = Release|Any CPU
		{104D1F6C-12C9-4A9D-BE4A-42F031B6A970}.Release|Any CPU.Build.0 = Release|Any CPU
		{71BC5909-8811-4260-8EAA-7A98D5BAF245}.Debug|Any CPU.ActiveCfg = Debug|Any CPU
		{71BC5909-8811-4260-8EAA-7A98D5BAF245}.Debug|Any CPU.Build.0 = Debug|Any CPU
		{71BC5909-8811-4260-8EAA-7A98D5BAF245}.Release|Any CPU.ActiveCfg = Release|Any CPU
		{71BC5909-8811-4260-8EAA-7A98D5BAF245}.Release|Any CPU.Build.0 = Release|Any CPU
		{9BD62DDE-0990-4312-8191-3B919EE2DEDC}.Debug|Any CPU.ActiveCfg = Debug|Any CPU
		{9BD62DDE-0990-4312-8191-3B919EE2DEDC}.Debug|Any CPU.Build.0 = Debug|Any CPU
		{9BD62DDE-0990-4312-8191-3B919EE2DEDC}.Debug|Any CPU.Deploy.0 = Debug|Any CPU
		{9BD62DDE-0990-4312-8191-3B919EE2DEDC}.Release|Any CPU.ActiveCfg = Release|Any CPU
		{9BD62DDE-0990-4312-8191-3B919EE2DEDC}.Release|Any CPU.Build.0 = Release|Any CPU
		{9BD62DDE-0990-4312-8191-3B919EE2DEDC}.Release|Any CPU.Deploy.0 = Release|Any CPU
		{BD6ADC76-FEDE-4E75-94B3-3514923D1C5D}.Debug|Any CPU.ActiveCfg = Debug|Any CPU
		{BD6ADC76-FEDE-4E75-94B3-3514923D1C5D}.Debug|Any CPU.Build.0 = Debug|Any CPU
		{BD6ADC76-FEDE-4E75-94B3-3514923D1C5D}.Release|Any CPU.ActiveCfg = Release|Any CPU
		{BD6ADC76-FEDE-4E75-94B3-3514923D1C5D}.Release|Any CPU.Build.0 = Release|Any CPU
	EndGlobalSection
	GlobalSection(SolutionProperties) = preSolution
		HideSolutionNode = FALSE
	EndGlobalSection
	GlobalSection(ExtensibilityGlobals) = postSolution
		SolutionGuid = {DC241305-B8D1-418F-B967-A49D97F661A4}
	EndGlobalSection
EndGlobal
