
Microsoft Visual Studio Solution File, Format Version 12.00
# Visual Studio 2013
VisualStudioVersion = 12.0.31101.0
MinimumVisualStudioVersion = 10.0.40219.1
Project("{FAE04EC0-301F-11D3-BF4B-00C04F79EFBC}") = "ExpenseTrackerWeb", "ExpenseTrackerWeb\ExpenseTrackerWeb.csproj", "{67485A97-79A2-4ED5-AE33-B771B82E1E10}"
EndProject
Global
	GlobalSection(SolutionConfigurationPlatforms) = preSolution
		Debug|Any CPU = Debug|Any CPU
		Release|Any CPU = Release|Any CPU
	EndGlobalSection
	GlobalSection(ProjectConfigurationPlatforms) = postSolution
		{67485A97-79A2-4ED5-AE33-B771B82E1E10}.Debug|Any CPU.ActiveCfg = Debug|Any CPU
		{67485A97-79A2-4ED5-AE33-B771B82E1E10}.Debug|Any CPU.Build.0 = Debug|Any CPU
		{67485A97-79A2-4ED5-AE33-B771B82E1E10}.Release|Any CPU.ActiveCfg = Release|Any CPU
		{67485A97-79A2-4ED5-AE33-B771B82E1E10}.Release|Any CPU.Build.0 = Release|Any CPU
	EndGlobalSection
	GlobalSection(SolutionProperties) = preSolution
		HideSolutionNode = FALSE
	EndGlobalSection
EndGlobal
