
Microsoft Visual Studio Solution File, Format Version 12.00
# Visual Studio 14
VisualStudioVersion = 14.0.25420.1
MinimumVisualStudioVersion = 10.0.40219.1
Project("{FAE04EC0-301F-11D3-BF4B-00C04F79EFBC}") = "ExpenseTrackerWeb", "ExpenseTrackerWeb\ExpenseTrackerWeb.csproj", "{BD6ADC76-FEDE-4E75-94B3-3514923D1C5D}"
EndProject
Project("{FAE04EC0-301F-11D3-BF4B-00C04F79EFBC}") = "ExpenseTrackerApi", "ExpenseTrackerApi\ExpenseTrackerApi.csproj", "{104D1F6C-12C9-4A9D-BE4A-42F031B6A970}"
EndProject
Project("{FAE04EC0-301F-11D3-BF4B-00C04F79EFBC}") = "ExpenseTrackerDomain", "ExpenseTrackerDomain\ExpenseTrackerDomain.csproj", "{89FF69EB-3420-43B6-8925-E21F5DB538B2}"
EndProject
Project("{FAE04EC0-301F-11D3-BF4B-00C04F79EFBC}") = "ExpenseTrackerMvp.Droid", "ExpenseTrackerMvp\ExpenseTrackerMvp.Droid\ExpenseTrackerMvp.Droid.csproj", "{B8472843-BDC2-4D79-BA8F-E88FE94316F3}"
EndProject
Project("{FAE04EC0-301F-11D3-BF4B-00C04F79EFBC}") = "ExpenseTrackerMvp", "ExpenseTrackerMvp\ExpenseTrackerMvp\ExpenseTrackerMvp.csproj", "{B0F9476E-F895-4C8E-9820-7C7707FED900}"
EndProject
Project("{FAE04EC0-301F-11D3-BF4B-00C04F79EFBC}") = "AppAndroidOld", "AppAndroidOld\AppAndroidOld.csproj", "{2D5BA96F-C85D-4024-A2F3-6747CC5DFB3B}"
EndProject
Global
	GlobalSection(SolutionConfigurationPlatforms) = preSolution
		Ad-Hoc|Any CPU = Ad-Hoc|Any CPU
		Ad-Hoc|iPhone = Ad-Hoc|iPhone
		Ad-Hoc|iPhoneSimulator = Ad-Hoc|iPhoneSimulator
		Ad-Hoc|Mixed Platforms = Ad-Hoc|Mixed Platforms
		AppStore|Any CPU = AppStore|Any CPU
		AppStore|iPhone = AppStore|iPhone
		AppStore|iPhoneSimulator = AppStore|iPhoneSimulator
		AppStore|Mixed Platforms = AppStore|Mixed Platforms
		Debug|Any CPU = Debug|Any CPU
		Debug|iPhone = Debug|iPhone
		Debug|iPhoneSimulator = Debug|iPhoneSimulator
		Debug|Mixed Platforms = Debug|Mixed Platforms
		Release|Any CPU = Release|Any CPU
		Release|iPhone = Release|iPhone
		Release|iPhoneSimulator = Release|iPhoneSimulator
		Release|Mixed Platforms = Release|Mixed Platforms
	EndGlobalSection
	GlobalSection(ProjectConfigurationPlatforms) = postSolution
		{BD6ADC76-FEDE-4E75-94B3-3514923D1C5D}.Ad-Hoc|Any CPU.ActiveCfg = Release|Any CPU
		{BD6ADC76-FEDE-4E75-94B3-3514923D1C5D}.Ad-Hoc|Any CPU.Build.0 = Release|Any CPU
		{BD6ADC76-FEDE-4E75-94B3-3514923D1C5D}.Ad-Hoc|iPhone.ActiveCfg = Release|Any CPU
		{BD6ADC76-FEDE-4E75-94B3-3514923D1C5D}.Ad-Hoc|iPhoneSimulator.ActiveCfg = Release|Any CPU
		{BD6ADC76-FEDE-4E75-94B3-3514923D1C5D}.Ad-Hoc|Mixed Platforms.ActiveCfg = Release|Any CPU
		{BD6ADC76-FEDE-4E75-94B3-3514923D1C5D}.Ad-Hoc|Mixed Platforms.Build.0 = Release|Any CPU
		{BD6ADC76-FEDE-4E75-94B3-3514923D1C5D}.AppStore|Any CPU.ActiveCfg = Release|Any CPU
		{BD6ADC76-FEDE-4E75-94B3-3514923D1C5D}.AppStore|Any CPU.Build.0 = Release|Any CPU
		{BD6ADC76-FEDE-4E75-94B3-3514923D1C5D}.AppStore|iPhone.ActiveCfg = Release|Any CPU
		{BD6ADC76-FEDE-4E75-94B3-3514923D1C5D}.AppStore|iPhoneSimulator.ActiveCfg = Release|Any CPU
		{BD6ADC76-FEDE-4E75-94B3-3514923D1C5D}.AppStore|Mixed Platforms.ActiveCfg = Release|Any CPU
		{BD6ADC76-FEDE-4E75-94B3-3514923D1C5D}.AppStore|Mixed Platforms.Build.0 = Release|Any CPU
		{BD6ADC76-FEDE-4E75-94B3-3514923D1C5D}.Debug|Any CPU.ActiveCfg = Debug|Any CPU
		{BD6ADC76-FEDE-4E75-94B3-3514923D1C5D}.Debug|Any CPU.Build.0 = Debug|Any CPU
		{BD6ADC76-FEDE-4E75-94B3-3514923D1C5D}.Debug|iPhone.ActiveCfg = Debug|Any CPU
		{BD6ADC76-FEDE-4E75-94B3-3514923D1C5D}.Debug|iPhoneSimulator.ActiveCfg = Debug|Any CPU
		{BD6ADC76-FEDE-4E75-94B3-3514923D1C5D}.Debug|Mixed Platforms.ActiveCfg = Debug|Any CPU
		{BD6ADC76-FEDE-4E75-94B3-3514923D1C5D}.Debug|Mixed Platforms.Build.0 = Debug|Any CPU
		{BD6ADC76-FEDE-4E75-94B3-3514923D1C5D}.Release|Any CPU.ActiveCfg = Release|Any CPU
		{BD6ADC76-FEDE-4E75-94B3-3514923D1C5D}.Release|Any CPU.Build.0 = Release|Any CPU
		{BD6ADC76-FEDE-4E75-94B3-3514923D1C5D}.Release|iPhone.ActiveCfg = Release|Any CPU
		{BD6ADC76-FEDE-4E75-94B3-3514923D1C5D}.Release|iPhoneSimulator.ActiveCfg = Release|Any CPU
		{BD6ADC76-FEDE-4E75-94B3-3514923D1C5D}.Release|Mixed Platforms.ActiveCfg = Release|Any CPU
		{BD6ADC76-FEDE-4E75-94B3-3514923D1C5D}.Release|Mixed Platforms.Build.0 = Release|Any CPU
		{104D1F6C-12C9-4A9D-BE4A-42F031B6A970}.Ad-Hoc|Any CPU.ActiveCfg = Release|Any CPU
		{104D1F6C-12C9-4A9D-BE4A-42F031B6A970}.Ad-Hoc|Any CPU.Build.0 = Release|Any CPU
		{104D1F6C-12C9-4A9D-BE4A-42F031B6A970}.Ad-Hoc|iPhone.ActiveCfg = Release|Any CPU
		{104D1F6C-12C9-4A9D-BE4A-42F031B6A970}.Ad-Hoc|iPhoneSimulator.ActiveCfg = Release|Any CPU
		{104D1F6C-12C9-4A9D-BE4A-42F031B6A970}.Ad-Hoc|Mixed Platforms.ActiveCfg = Release|Any CPU
		{104D1F6C-12C9-4A9D-BE4A-42F031B6A970}.Ad-Hoc|Mixed Platforms.Build.0 = Release|Any CPU
		{104D1F6C-12C9-4A9D-BE4A-42F031B6A970}.AppStore|Any CPU.ActiveCfg = Release|Any CPU
		{104D1F6C-12C9-4A9D-BE4A-42F031B6A970}.AppStore|Any CPU.Build.0 = Release|Any CPU
		{104D1F6C-12C9-4A9D-BE4A-42F031B6A970}.AppStore|iPhone.ActiveCfg = Release|Any CPU
		{104D1F6C-12C9-4A9D-BE4A-42F031B6A970}.AppStore|iPhoneSimulator.ActiveCfg = Release|Any CPU
		{104D1F6C-12C9-4A9D-BE4A-42F031B6A970}.AppStore|Mixed Platforms.ActiveCfg = Release|Any CPU
		{104D1F6C-12C9-4A9D-BE4A-42F031B6A970}.AppStore|Mixed Platforms.Build.0 = Release|Any CPU
		{104D1F6C-12C9-4A9D-BE4A-42F031B6A970}.Debug|Any CPU.ActiveCfg = Debug|Any CPU
		{104D1F6C-12C9-4A9D-BE4A-42F031B6A970}.Debug|Any CPU.Build.0 = Debug|Any CPU
		{104D1F6C-12C9-4A9D-BE4A-42F031B6A970}.Debug|iPhone.ActiveCfg = Debug|Any CPU
		{104D1F6C-12C9-4A9D-BE4A-42F031B6A970}.Debug|iPhoneSimulator.ActiveCfg = Debug|Any CPU
		{104D1F6C-12C9-4A9D-BE4A-42F031B6A970}.Debug|Mixed Platforms.ActiveCfg = Debug|Any CPU
		{104D1F6C-12C9-4A9D-BE4A-42F031B6A970}.Debug|Mixed Platforms.Build.0 = Debug|Any CPU
		{104D1F6C-12C9-4A9D-BE4A-42F031B6A970}.Release|Any CPU.ActiveCfg = Release|Any CPU
		{104D1F6C-12C9-4A9D-BE4A-42F031B6A970}.Release|Any CPU.Build.0 = Release|Any CPU
		{104D1F6C-12C9-4A9D-BE4A-42F031B6A970}.Release|iPhone.ActiveCfg = Release|Any CPU
		{104D1F6C-12C9-4A9D-BE4A-42F031B6A970}.Release|iPhoneSimulator.ActiveCfg = Release|Any CPU
		{104D1F6C-12C9-4A9D-BE4A-42F031B6A970}.Release|Mixed Platforms.ActiveCfg = Release|Any CPU
		{104D1F6C-12C9-4A9D-BE4A-42F031B6A970}.Release|Mixed Platforms.Build.0 = Release|Any CPU
		{89FF69EB-3420-43B6-8925-E21F5DB538B2}.Ad-Hoc|Any CPU.ActiveCfg = Release|Any CPU
		{89FF69EB-3420-43B6-8925-E21F5DB538B2}.Ad-Hoc|Any CPU.Build.0 = Release|Any CPU
		{89FF69EB-3420-43B6-8925-E21F5DB538B2}.Ad-Hoc|iPhone.ActiveCfg = Release|Any CPU
		{89FF69EB-3420-43B6-8925-E21F5DB538B2}.Ad-Hoc|iPhoneSimulator.ActiveCfg = Release|Any CPU
		{89FF69EB-3420-43B6-8925-E21F5DB538B2}.Ad-Hoc|Mixed Platforms.ActiveCfg = Release|Any CPU
		{89FF69EB-3420-43B6-8925-E21F5DB538B2}.Ad-Hoc|Mixed Platforms.Build.0 = Release|Any CPU
		{89FF69EB-3420-43B6-8925-E21F5DB538B2}.AppStore|Any CPU.ActiveCfg = Release|Any CPU
		{89FF69EB-3420-43B6-8925-E21F5DB538B2}.AppStore|Any CPU.Build.0 = Release|Any CPU
		{89FF69EB-3420-43B6-8925-E21F5DB538B2}.AppStore|iPhone.ActiveCfg = Release|Any CPU
		{89FF69EB-3420-43B6-8925-E21F5DB538B2}.AppStore|iPhoneSimulator.ActiveCfg = Release|Any CPU
		{89FF69EB-3420-43B6-8925-E21F5DB538B2}.AppStore|Mixed Platforms.ActiveCfg = Release|Any CPU
		{89FF69EB-3420-43B6-8925-E21F5DB538B2}.AppStore|Mixed Platforms.Build.0 = Release|Any CPU
		{89FF69EB-3420-43B6-8925-E21F5DB538B2}.Debug|Any CPU.ActiveCfg = Debug|Any CPU
		{89FF69EB-3420-43B6-8925-E21F5DB538B2}.Debug|Any CPU.Build.0 = Debug|Any CPU
		{89FF69EB-3420-43B6-8925-E21F5DB538B2}.Debug|iPhone.ActiveCfg = Debug|Any CPU
		{89FF69EB-3420-43B6-8925-E21F5DB538B2}.Debug|iPhoneSimulator.ActiveCfg = Debug|Any CPU
		{89FF69EB-3420-43B6-8925-E21F5DB538B2}.Debug|Mixed Platforms.ActiveCfg = Debug|Any CPU
		{89FF69EB-3420-43B6-8925-E21F5DB538B2}.Debug|Mixed Platforms.Build.0 = Debug|Any CPU
		{89FF69EB-3420-43B6-8925-E21F5DB538B2}.Release|Any CPU.ActiveCfg = Release|Any CPU
		{89FF69EB-3420-43B6-8925-E21F5DB538B2}.Release|Any CPU.Build.0 = Release|Any CPU
		{89FF69EB-3420-43B6-8925-E21F5DB538B2}.Release|iPhone.ActiveCfg = Release|Any CPU
		{89FF69EB-3420-43B6-8925-E21F5DB538B2}.Release|iPhoneSimulator.ActiveCfg = Release|Any CPU
		{89FF69EB-3420-43B6-8925-E21F5DB538B2}.Release|Mixed Platforms.ActiveCfg = Release|Any CPU
		{89FF69EB-3420-43B6-8925-E21F5DB538B2}.Release|Mixed Platforms.Build.0 = Release|Any CPU
		{B8472843-BDC2-4D79-BA8F-E88FE94316F3}.Ad-Hoc|Any CPU.ActiveCfg = Release|Any CPU
		{B8472843-BDC2-4D79-BA8F-E88FE94316F3}.Ad-Hoc|Any CPU.Build.0 = Release|Any CPU
		{B8472843-BDC2-4D79-BA8F-E88FE94316F3}.Ad-Hoc|Any CPU.Deploy.0 = Release|Any CPU
		{B8472843-BDC2-4D79-BA8F-E88FE94316F3}.Ad-Hoc|iPhone.ActiveCfg = Release|Any CPU
		{B8472843-BDC2-4D79-BA8F-E88FE94316F3}.Ad-Hoc|iPhone.Build.0 = Release|Any CPU
		{B8472843-BDC2-4D79-BA8F-E88FE94316F3}.Ad-Hoc|iPhone.Deploy.0 = Release|Any CPU
		{B8472843-BDC2-4D79-BA8F-E88FE94316F3}.Ad-Hoc|iPhoneSimulator.ActiveCfg = Release|Any CPU
		{B8472843-BDC2-4D79-BA8F-E88FE94316F3}.Ad-Hoc|iPhoneSimulator.Build.0 = Release|Any CPU
		{B8472843-BDC2-4D79-BA8F-E88FE94316F3}.Ad-Hoc|iPhoneSimulator.Deploy.0 = Release|Any CPU
		{B8472843-BDC2-4D79-BA8F-E88FE94316F3}.Ad-Hoc|Mixed Platforms.ActiveCfg = Release|Any CPU
		{B8472843-BDC2-4D79-BA8F-E88FE94316F3}.Ad-Hoc|Mixed Platforms.Build.0 = Release|Any CPU
		{B8472843-BDC2-4D79-BA8F-E88FE94316F3}.Ad-Hoc|Mixed Platforms.Deploy.0 = Release|Any CPU
		{B8472843-BDC2-4D79-BA8F-E88FE94316F3}.AppStore|Any CPU.ActiveCfg = Release|Any CPU
		{B8472843-BDC2-4D79-BA8F-E88FE94316F3}.AppStore|Any CPU.Build.0 = Release|Any CPU
		{B8472843-BDC2-4D79-BA8F-E88FE94316F3}.AppStore|Any CPU.Deploy.0 = Release|Any CPU
		{B8472843-BDC2-4D79-BA8F-E88FE94316F3}.AppStore|iPhone.ActiveCfg = Release|Any CPU
		{B8472843-BDC2-4D79-BA8F-E88FE94316F3}.AppStore|iPhone.Build.0 = Release|Any CPU
		{B8472843-BDC2-4D79-BA8F-E88FE94316F3}.AppStore|iPhone.Deploy.0 = Release|Any CPU
		{B8472843-BDC2-4D79-BA8F-E88FE94316F3}.AppStore|iPhoneSimulator.ActiveCfg = Release|Any CPU
		{B8472843-BDC2-4D79-BA8F-E88FE94316F3}.AppStore|iPhoneSimulator.Build.0 = Release|Any CPU
		{B8472843-BDC2-4D79-BA8F-E88FE94316F3}.AppStore|iPhoneSimulator.Deploy.0 = Release|Any CPU
		{B8472843-BDC2-4D79-BA8F-E88FE94316F3}.AppStore|Mixed Platforms.ActiveCfg = Release|Any CPU
		{B8472843-BDC2-4D79-BA8F-E88FE94316F3}.AppStore|Mixed Platforms.Build.0 = Release|Any CPU
		{B8472843-BDC2-4D79-BA8F-E88FE94316F3}.AppStore|Mixed Platforms.Deploy.0 = Release|Any CPU
		{B8472843-BDC2-4D79-BA8F-E88FE94316F3}.Debug|Any CPU.ActiveCfg = Debug|Any CPU
		{B8472843-BDC2-4D79-BA8F-E88FE94316F3}.Debug|Any CPU.Build.0 = Debug|Any CPU
		{B8472843-BDC2-4D79-BA8F-E88FE94316F3}.Debug|Any CPU.Deploy.0 = Debug|Any CPU
		{B8472843-BDC2-4D79-BA8F-E88FE94316F3}.Debug|iPhone.ActiveCfg = Debug|Any CPU
		{B8472843-BDC2-4D79-BA8F-E88FE94316F3}.Debug|iPhone.Build.0 = Debug|Any CPU
		{B8472843-BDC2-4D79-BA8F-E88FE94316F3}.Debug|iPhone.Deploy.0 = Debug|Any CPU
		{B8472843-BDC2-4D79-BA8F-E88FE94316F3}.Debug|iPhoneSimulator.ActiveCfg = Debug|Any CPU
		{B8472843-BDC2-4D79-BA8F-E88FE94316F3}.Debug|iPhoneSimulator.Build.0 = Debug|Any CPU
		{B8472843-BDC2-4D79-BA8F-E88FE94316F3}.Debug|iPhoneSimulator.Deploy.0 = Debug|Any CPU
		{B8472843-BDC2-4D79-BA8F-E88FE94316F3}.Debug|Mixed Platforms.ActiveCfg = Debug|Any CPU
		{B8472843-BDC2-4D79-BA8F-E88FE94316F3}.Debug|Mixed Platforms.Build.0 = Debug|Any CPU
		{B8472843-BDC2-4D79-BA8F-E88FE94316F3}.Debug|Mixed Platforms.Deploy.0 = Debug|Any CPU
		{B8472843-BDC2-4D79-BA8F-E88FE94316F3}.Release|Any CPU.ActiveCfg = Release|Any CPU
		{B8472843-BDC2-4D79-BA8F-E88FE94316F3}.Release|Any CPU.Build.0 = Release|Any CPU
		{B8472843-BDC2-4D79-BA8F-E88FE94316F3}.Release|Any CPU.Deploy.0 = Release|Any CPU
		{B8472843-BDC2-4D79-BA8F-E88FE94316F3}.Release|iPhone.ActiveCfg = Release|Any CPU
		{B8472843-BDC2-4D79-BA8F-E88FE94316F3}.Release|iPhone.Build.0 = Release|Any CPU
		{B8472843-BDC2-4D79-BA8F-E88FE94316F3}.Release|iPhone.Deploy.0 = Release|Any CPU
		{B8472843-BDC2-4D79-BA8F-E88FE94316F3}.Release|iPhoneSimulator.ActiveCfg = Release|Any CPU
		{B8472843-BDC2-4D79-BA8F-E88FE94316F3}.Release|iPhoneSimulator.Build.0 = Release|Any CPU
		{B8472843-BDC2-4D79-BA8F-E88FE94316F3}.Release|iPhoneSimulator.Deploy.0 = Release|Any CPU
		{B8472843-BDC2-4D79-BA8F-E88FE94316F3}.Release|Mixed Platforms.ActiveCfg = Release|Any CPU
		{B8472843-BDC2-4D79-BA8F-E88FE94316F3}.Release|Mixed Platforms.Build.0 = Release|Any CPU
		{B8472843-BDC2-4D79-BA8F-E88FE94316F3}.Release|Mixed Platforms.Deploy.0 = Release|Any CPU
		{B0F9476E-F895-4C8E-9820-7C7707FED900}.Ad-Hoc|Any CPU.ActiveCfg = Release|Any CPU
		{B0F9476E-F895-4C8E-9820-7C7707FED900}.Ad-Hoc|Any CPU.Build.0 = Release|Any CPU
		{B0F9476E-F895-4C8E-9820-7C7707FED900}.Ad-Hoc|iPhone.ActiveCfg = Release|Any CPU
		{B0F9476E-F895-4C8E-9820-7C7707FED900}.Ad-Hoc|iPhone.Build.0 = Release|Any CPU
		{B0F9476E-F895-4C8E-9820-7C7707FED900}.Ad-Hoc|iPhoneSimulator.ActiveCfg = Release|Any CPU
		{B0F9476E-F895-4C8E-9820-7C7707FED900}.Ad-Hoc|iPhoneSimulator.Build.0 = Release|Any CPU
		{B0F9476E-F895-4C8E-9820-7C7707FED900}.Ad-Hoc|Mixed Platforms.ActiveCfg = Release|Any CPU
		{B0F9476E-F895-4C8E-9820-7C7707FED900}.Ad-Hoc|Mixed Platforms.Build.0 = Release|Any CPU
		{B0F9476E-F895-4C8E-9820-7C7707FED900}.AppStore|Any CPU.ActiveCfg = Release|Any CPU
		{B0F9476E-F895-4C8E-9820-7C7707FED900}.AppStore|Any CPU.Build.0 = Release|Any CPU
		{B0F9476E-F895-4C8E-9820-7C7707FED900}.AppStore|iPhone.ActiveCfg = Release|Any CPU
		{B0F9476E-F895-4C8E-9820-7C7707FED900}.AppStore|iPhone.Build.0 = Release|Any CPU
		{B0F9476E-F895-4C8E-9820-7C7707FED900}.AppStore|iPhoneSimulator.ActiveCfg = Release|Any CPU
		{B0F9476E-F895-4C8E-9820-7C7707FED900}.AppStore|iPhoneSimulator.Build.0 = Release|Any CPU
		{B0F9476E-F895-4C8E-9820-7C7707FED900}.AppStore|Mixed Platforms.ActiveCfg = Release|Any CPU
		{B0F9476E-F895-4C8E-9820-7C7707FED900}.AppStore|Mixed Platforms.Build.0 = Release|Any CPU
		{B0F9476E-F895-4C8E-9820-7C7707FED900}.Debug|Any CPU.ActiveCfg = Debug|Any CPU
		{B0F9476E-F895-4C8E-9820-7C7707FED900}.Debug|Any CPU.Build.0 = Debug|Any CPU
		{B0F9476E-F895-4C8E-9820-7C7707FED900}.Debug|iPhone.ActiveCfg = Debug|Any CPU
		{B0F9476E-F895-4C8E-9820-7C7707FED900}.Debug|iPhone.Build.0 = Debug|Any CPU
		{B0F9476E-F895-4C8E-9820-7C7707FED900}.Debug|iPhoneSimulator.ActiveCfg = Debug|Any CPU
		{B0F9476E-F895-4C8E-9820-7C7707FED900}.Debug|iPhoneSimulator.Build.0 = Debug|Any CPU
		{B0F9476E-F895-4C8E-9820-7C7707FED900}.Debug|Mixed Platforms.ActiveCfg = Debug|Any CPU
		{B0F9476E-F895-4C8E-9820-7C7707FED900}.Debug|Mixed Platforms.Build.0 = Debug|Any CPU
		{B0F9476E-F895-4C8E-9820-7C7707FED900}.Release|Any CPU.ActiveCfg = Release|Any CPU
		{B0F9476E-F895-4C8E-9820-7C7707FED900}.Release|Any CPU.Build.0 = Release|Any CPU
		{B0F9476E-F895-4C8E-9820-7C7707FED900}.Release|iPhone.ActiveCfg = Release|Any CPU
		{B0F9476E-F895-4C8E-9820-7C7707FED900}.Release|iPhone.Build.0 = Release|Any CPU
		{B0F9476E-F895-4C8E-9820-7C7707FED900}.Release|iPhoneSimulator.ActiveCfg = Release|Any CPU
		{B0F9476E-F895-4C8E-9820-7C7707FED900}.Release|iPhoneSimulator.Build.0 = Release|Any CPU
		{B0F9476E-F895-4C8E-9820-7C7707FED900}.Release|Mixed Platforms.ActiveCfg = Release|Any CPU
		{B0F9476E-F895-4C8E-9820-7C7707FED900}.Release|Mixed Platforms.Build.0 = Release|Any CPU
		{2D5BA96F-C85D-4024-A2F3-6747CC5DFB3B}.Ad-Hoc|Any CPU.ActiveCfg = Release|Any CPU
		{2D5BA96F-C85D-4024-A2F3-6747CC5DFB3B}.Ad-Hoc|Any CPU.Build.0 = Release|Any CPU
		{2D5BA96F-C85D-4024-A2F3-6747CC5DFB3B}.Ad-Hoc|Any CPU.Deploy.0 = Release|Any CPU
		{2D5BA96F-C85D-4024-A2F3-6747CC5DFB3B}.Ad-Hoc|iPhone.ActiveCfg = Release|Any CPU
		{2D5BA96F-C85D-4024-A2F3-6747CC5DFB3B}.Ad-Hoc|iPhone.Build.0 = Release|Any CPU
		{2D5BA96F-C85D-4024-A2F3-6747CC5DFB3B}.Ad-Hoc|iPhone.Deploy.0 = Release|Any CPU
		{2D5BA96F-C85D-4024-A2F3-6747CC5DFB3B}.Ad-Hoc|iPhoneSimulator.ActiveCfg = Release|Any CPU
		{2D5BA96F-C85D-4024-A2F3-6747CC5DFB3B}.Ad-Hoc|iPhoneSimulator.Build.0 = Release|Any CPU
		{2D5BA96F-C85D-4024-A2F3-6747CC5DFB3B}.Ad-Hoc|iPhoneSimulator.Deploy.0 = Release|Any CPU
		{2D5BA96F-C85D-4024-A2F3-6747CC5DFB3B}.Ad-Hoc|Mixed Platforms.ActiveCfg = Release|Any CPU
		{2D5BA96F-C85D-4024-A2F3-6747CC5DFB3B}.Ad-Hoc|Mixed Platforms.Build.0 = Release|Any CPU
		{2D5BA96F-C85D-4024-A2F3-6747CC5DFB3B}.Ad-Hoc|Mixed Platforms.Deploy.0 = Release|Any CPU
		{2D5BA96F-C85D-4024-A2F3-6747CC5DFB3B}.AppStore|Any CPU.ActiveCfg = Release|Any CPU
		{2D5BA96F-C85D-4024-A2F3-6747CC5DFB3B}.AppStore|Any CPU.Build.0 = Release|Any CPU
		{2D5BA96F-C85D-4024-A2F3-6747CC5DFB3B}.AppStore|Any CPU.Deploy.0 = Release|Any CPU
		{2D5BA96F-C85D-4024-A2F3-6747CC5DFB3B}.AppStore|iPhone.ActiveCfg = Release|Any CPU
		{2D5BA96F-C85D-4024-A2F3-6747CC5DFB3B}.AppStore|iPhone.Build.0 = Release|Any CPU
		{2D5BA96F-C85D-4024-A2F3-6747CC5DFB3B}.AppStore|iPhone.Deploy.0 = Release|Any CPU
		{2D5BA96F-C85D-4024-A2F3-6747CC5DFB3B}.AppStore|iPhoneSimulator.ActiveCfg = Release|Any CPU
		{2D5BA96F-C85D-4024-A2F3-6747CC5DFB3B}.AppStore|iPhoneSimulator.Build.0 = Release|Any CPU
		{2D5BA96F-C85D-4024-A2F3-6747CC5DFB3B}.AppStore|iPhoneSimulator.Deploy.0 = Release|Any CPU
		{2D5BA96F-C85D-4024-A2F3-6747CC5DFB3B}.AppStore|Mixed Platforms.ActiveCfg = Release|Any CPU
		{2D5BA96F-C85D-4024-A2F3-6747CC5DFB3B}.AppStore|Mixed Platforms.Build.0 = Release|Any CPU
		{2D5BA96F-C85D-4024-A2F3-6747CC5DFB3B}.AppStore|Mixed Platforms.Deploy.0 = Release|Any CPU
		{2D5BA96F-C85D-4024-A2F3-6747CC5DFB3B}.Debug|Any CPU.ActiveCfg = Debug|Any CPU
		{2D5BA96F-C85D-4024-A2F3-6747CC5DFB3B}.Debug|Any CPU.Build.0 = Debug|Any CPU
		{2D5BA96F-C85D-4024-A2F3-6747CC5DFB3B}.Debug|Any CPU.Deploy.0 = Debug|Any CPU
		{2D5BA96F-C85D-4024-A2F3-6747CC5DFB3B}.Debug|iPhone.ActiveCfg = Debug|Any CPU
		{2D5BA96F-C85D-4024-A2F3-6747CC5DFB3B}.Debug|iPhone.Build.0 = Debug|Any CPU
		{2D5BA96F-C85D-4024-A2F3-6747CC5DFB3B}.Debug|iPhone.Deploy.0 = Debug|Any CPU
		{2D5BA96F-C85D-4024-A2F3-6747CC5DFB3B}.Debug|iPhoneSimulator.ActiveCfg = Debug|Any CPU
		{2D5BA96F-C85D-4024-A2F3-6747CC5DFB3B}.Debug|iPhoneSimulator.Build.0 = Debug|Any CPU
		{2D5BA96F-C85D-4024-A2F3-6747CC5DFB3B}.Debug|iPhoneSimulator.Deploy.0 = Debug|Any CPU
		{2D5BA96F-C85D-4024-A2F3-6747CC5DFB3B}.Debug|Mixed Platforms.ActiveCfg = Debug|Any CPU
		{2D5BA96F-C85D-4024-A2F3-6747CC5DFB3B}.Debug|Mixed Platforms.Build.0 = Debug|Any CPU
		{2D5BA96F-C85D-4024-A2F3-6747CC5DFB3B}.Debug|Mixed Platforms.Deploy.0 = Debug|Any CPU
		{2D5BA96F-C85D-4024-A2F3-6747CC5DFB3B}.Release|Any CPU.ActiveCfg = Release|Any CPU
		{2D5BA96F-C85D-4024-A2F3-6747CC5DFB3B}.Release|Any CPU.Build.0 = Release|Any CPU
		{2D5BA96F-C85D-4024-A2F3-6747CC5DFB3B}.Release|Any CPU.Deploy.0 = Release|Any CPU
		{2D5BA96F-C85D-4024-A2F3-6747CC5DFB3B}.Release|iPhone.ActiveCfg = Release|Any CPU
		{2D5BA96F-C85D-4024-A2F3-6747CC5DFB3B}.Release|iPhone.Build.0 = Release|Any CPU
		{2D5BA96F-C85D-4024-A2F3-6747CC5DFB3B}.Release|iPhone.Deploy.0 = Release|Any CPU
		{2D5BA96F-C85D-4024-A2F3-6747CC5DFB3B}.Release|iPhoneSimulator.ActiveCfg = Release|Any CPU
		{2D5BA96F-C85D-4024-A2F3-6747CC5DFB3B}.Release|iPhoneSimulator.Build.0 = Release|Any CPU
		{2D5BA96F-C85D-4024-A2F3-6747CC5DFB3B}.Release|iPhoneSimulator.Deploy.0 = Release|Any CPU
		{2D5BA96F-C85D-4024-A2F3-6747CC5DFB3B}.Release|Mixed Platforms.ActiveCfg = Release|Any CPU
		{2D5BA96F-C85D-4024-A2F3-6747CC5DFB3B}.Release|Mixed Platforms.Build.0 = Release|Any CPU
		{2D5BA96F-C85D-4024-A2F3-6747CC5DFB3B}.Release|Mixed Platforms.Deploy.0 = Release|Any CPU
	EndGlobalSection
	GlobalSection(SolutionProperties) = preSolution
		HideSolutionNode = FALSE
	EndGlobalSection
EndGlobal
