
Microsoft Visual Studio Solution File, Format Version 12.00
# Visual Studio 14
VisualStudioVersion = 14.0.25420.1
MinimumVisualStudioVersion = 10.0.40219.1
Project("{FAE04EC0-301F-11D3-BF4B-00C04F79EFBC}") = "ExpenseTrackerWeb", "ExpenseTrackerWeb\ExpenseTrackerWeb.csproj", "{BD6ADC76-FEDE-4E75-94B3-3514923D1C5D}"
EndProject
Project("{FAE04EC0-301F-11D3-BF4B-00C04F79EFBC}") = "ExpenseTrackerDomain", "ExpenseTrackerDomain\ExpenseTrackerDomain.csproj", "{89FF69EB-3420-43B6-8925-E21F5DB538B2}"
EndProject
Global
	GlobalSection(SolutionConfigurationPlatforms) = preSolution
		Debug|Any CPU = Debug|Any CPU
		Release|Any CPU = Release|Any CPU
	EndGlobalSection
	GlobalSection(ProjectConfigurationPlatforms) = postSolution
		{BD6ADC76-FEDE-4E75-94B3-3514923D1C5D}.Debug|Any CPU.ActiveCfg = Debug|Any CPU
		{BD6ADC76-FEDE-4E75-94B3-3514923D1C5D}.Debug|Any CPU.Build.0 = Debug|Any CPU
		{BD6ADC76-FEDE-4E75-94B3-3514923D1C5D}.Release|Any CPU.ActiveCfg = Release|Any CPU
		{BD6ADC76-FEDE-4E75-94B3-3514923D1C5D}.Release|Any CPU.Build.0 = Release|Any CPU
		{89FF69EB-3420-43B6-8925-E21F5DB538B2}.Debug|Any CPU.ActiveCfg = Debug|Any CPU
		{89FF69EB-3420-43B6-8925-E21F5DB538B2}.Debug|Any CPU.Build.0 = Debug|Any CPU
		{89FF69EB-3420-43B6-8925-E21F5DB538B2}.Release|Any CPU.ActiveCfg = Release|Any CPU
		{89FF69EB-3420-43B6-8925-E21F5DB538B2}.Release|Any CPU.Build.0 = Release|Any CPU
	EndGlobalSection
	GlobalSection(SolutionProperties) = preSolution
		HideSolutionNode = FALSE
	EndGlobalSection
EndGlobal
